
Microsoft Visual Studio Solution File, Format Version 12.00
# Visual Studio Version 17
VisualStudioVersion = 17.10.35122.118
MinimumVisualStudioVersion = 10.0.40219.1
Project("{FAE04EC0-301F-11D3-BF4B-00C04F79EFBC}") = "SubmissionOfStacksQueues", "SubmissionOfStacksQueues\SubmissionOfStacksQueues.csproj", "{9FB2E415-724B-461B-B735-1C225D18A2FB}"
EndProject
Global
	GlobalSection(SolutionConfigurationPlatforms) = preSolution
		Debug|Any CPU = Debug|Any CPU
		Release|Any CPU = Release|Any CPU
	EndGlobalSection
	GlobalSection(ProjectConfigurationPlatforms) = postSolution
		{9FB2E415-724B-461B-B735-1C225D18A2FB}.Debug|Any CPU.ActiveCfg = Debug|Any CPU
		{9FB2E415-724B-461B-B735-1C225D18A2FB}.Debug|Any CPU.Build.0 = Debug|Any CPU
		{9FB2E415-724B-461B-B735-1C225D18A2FB}.Release|Any CPU.ActiveCfg = Release|Any CPU
		{9FB2E415-724B-461B-B735-1C225D18A2FB}.Release|Any CPU.Build.0 = Release|Any CPU
	EndGlobalSection
	GlobalSection(SolutionProperties) = preSolution
		HideSolutionNode = FALSE
	EndGlobalSection
	GlobalSection(ExtensibilityGlobals) = postSolution
		SolutionGuid = {00608560-1AA2-4F8B-BFF1-081A2AEE7FBC}
	EndGlobalSection
EndGlobal
